{
  "name": "TokamakApp",
  "lockfileVersion": 3,
  "requires": true,
  "packages": {
    "": {
      "dependencies": {
        "javascript-kit-swift": "^0.18.0"
      }
    },
    "node_modules/javascript-kit-swift": {
      "version": "0.18.0",
      "resolved": "https://registry.npmjs.org/javascript-kit-swift/-/javascript-kit-swift-0.18.0.tgz",
      "integrity": "sha512-FS1o1mflbpwVSGVPLut6Itp2+F9zjNtsxiqar1UN7E7ZIq2vGOzjGaD1O9DAc8DIuz5i4VDjjkwnVAdahBBp+Q=="
    }
  }
}
